version: 2.0
shards:
  db:
    git: https://github.com/crystal-lang/crystal-db.git
    version: 0.13.1

  logger:
    git: https://github.com/dcalixto/logger.cr.git
    version: 0.1.0+git.commit.5954a5e4e5b49f5af7a9705411cf28c3f1751e40

  micrate:
    git: https://github.com/dcalixto/micrate.git
    version: 0.15.1+git.commit.244fbf68e97647ba0c34d25f448c285ffa0142f6

  pg:
    git: https://github.com/will/crystal-pg.git
    version: 0.29.0

  webmock:
    git: https://github.com/manastech/webmock.cr.git
    version: 0.14.0

